
Microsoft Visual Studio Solution File, Format Version 12.00
# Visual Studio Version 16
VisualStudioVersion = 16.0.29409.12
MinimumVisualStudioVersion = 10.0.40219.1
Project("{FAE04EC0-301F-11D3-BF4B-00C04F79EFBC}") = "Prob1Arrays", "Assignment2Week3\Prob1Arrays.csproj", "{7601D332-FB87-4EF7-84FC-3E92F7E63118}"
EndProject
Project("{FAE04EC0-301F-11D3-BF4B-00C04F79EFBC}") = "Prob2Methods", "Prob2Methods\Prob2Methods.csproj", "{F8D5A4FB-2EF4-4E10-8454-88697C98C0D5}"
EndProject
Project("{FAE04EC0-301F-11D3-BF4B-00C04F79EFBC}") = "Prob3Class", "Prob3Class\Prob3Class.csproj", "{89226249-B827-42A4-B046-3E9F090C1D9C}"
EndProject
Global
	GlobalSection(SolutionConfigurationPlatforms) = preSolution
		Debug|Any CPU = Debug|Any CPU
		Release|Any CPU = Release|Any CPU
	EndGlobalSection
	GlobalSection(ProjectConfigurationPlatforms) = postSolution
		{7601D332-FB87-4EF7-84FC-3E92F7E63118}.Debug|Any CPU.ActiveCfg = Debug|Any CPU
		{7601D332-FB87-4EF7-84FC-3E92F7E63118}.Debug|Any CPU.Build.0 = Debug|Any CPU
		{7601D332-FB87-4EF7-84FC-3E92F7E63118}.Release|Any CPU.ActiveCfg = Release|Any CPU
		{7601D332-FB87-4EF7-84FC-3E92F7E63118}.Release|Any CPU.Build.0 = Release|Any CPU
		{F8D5A4FB-2EF4-4E10-8454-88697C98C0D5}.Debug|Any CPU.ActiveCfg = Debug|Any CPU
		{F8D5A4FB-2EF4-4E10-8454-88697C98C0D5}.Debug|Any CPU.Build.0 = Debug|Any CPU
		{F8D5A4FB-2EF4-4E10-8454-88697C98C0D5}.Release|Any CPU.ActiveCfg = Release|Any CPU
		{F8D5A4FB-2EF4-4E10-8454-88697C98C0D5}.Release|Any CPU.Build.0 = Release|Any CPU
		{89226249-B827-42A4-B046-3E9F090C1D9C}.Debug|Any CPU.ActiveCfg = Debug|Any CPU
		{89226249-B827-42A4-B046-3E9F090C1D9C}.Debug|Any CPU.Build.0 = Debug|Any CPU
		{89226249-B827-42A4-B046-3E9F090C1D9C}.Release|Any CPU.ActiveCfg = Release|Any CPU
		{89226249-B827-42A4-B046-3E9F090C1D9C}.Release|Any CPU.Build.0 = Release|Any CPU
	EndGlobalSection
	GlobalSection(SolutionProperties) = preSolution
		HideSolutionNode = FALSE
	EndGlobalSection
	GlobalSection(ExtensibilityGlobals) = postSolution
		SolutionGuid = {6DF2215E-8B7F-42FD-A078-B08D7C6179ED}
	EndGlobalSection
EndGlobal
